PODS:
  - Charts (3.0.2):
    - Charts/Core (= 3.0.2)
  - Charts/Core (3.0.2)
  - DZNEmptyDataSet (1.8.1)
  - Eureka (2.0.1)
  - FontAwesome.swift (1.1.1)

DEPENDENCIES:
  - Charts
  - DZNEmptyDataSet
  - Eureka (~> 2.0.0-beta.1)
  - FontAwesome.swift

SPEC CHECKSUMS:
  Charts: 236d6ccdd0ce6feae151d89e829a7397381a21fd
  DZNEmptyDataSet: 9525833b9e68ac21c30253e1d3d7076cc828eaa7
  Eureka: ae837bb1dfae0c07bc1bda7aeef87876eeb537c2
  FontAwesome.swift: f4ff5a9199dc3b510eba5bb377e834f159aef358

PODFILE CHECKSUM: 3fdd28c6387ad5a2cb2d28d2a7a2dfbc3afe631e

COCOAPODS: 1.1.1
