PODS:
  - Charts (3.0.1):
    - Charts/Core (= 3.0.1)
  - Charts/Core (3.0.1)
  - DZNEmptyDataSet (1.8.1)
  - Eureka (2.0.0-beta.1)
  - FontAwesome.swift (1.0.0)

DEPENDENCIES:
  - Charts
  - DZNEmptyDataSet
  - Eureka (~> 2.0.0-beta.1)
  - FontAwesome.swift

SPEC CHECKSUMS:
  Charts: 0e84f4418e87dad6a9edde221fba37ebb51d3ba7
  DZNEmptyDataSet: 9525833b9e68ac21c30253e1d3d7076cc828eaa7
  Eureka: d014adf16406745e1a78d5790ea37ed130a0a8e5
  FontAwesome.swift: 2d32a3d62195343c2004b7c9043294ed2948553a

PODFILE CHECKSUM: 3fdd28c6387ad5a2cb2d28d2a7a2dfbc3afe631e

COCOAPODS: 1.1.1
