// !$*UTF8*$!
{
	archiveVersion = 1;
	classes = {
	};
	objectVersion = 46;
	objects = {

/* Begin PBXBuildFile section */
		24FE4FF80F49FA9CB76CAF2A /* Pods_Project_Dragonfly.framework in Frameworks */ = {isa = PBXBuildFile; fileRef = 885AC6D85B666548DD9F9A8E /* Pods_Project_Dragonfly.framework */; };
		B2C8BF8AA3A42A6E14604AB9 /* Pods_Project_DragonflyTests.framework in Frameworks */ = {isa = PBXBuildFile; fileRef = D4EE474D868CFED750DA21EE /* Pods_Project_DragonflyTests.framework */; };
		D4254B481DC7FDD700979B57 /* InvestigationViewController.swift in Sources */ = {isa = PBXBuildFile; fileRef = D4254B471DC7FDD700979B57 /* InvestigationViewController.swift */; };
		D4254B4A1DC809F100979B57 /* ComponentTableViewCell.swift in Sources */ = {isa = PBXBuildFile; fileRef = D4254B491DC809F100979B57 /* ComponentTableViewCell.swift */; };
		D4519F5E1DAC4AA400FA274C /* AppDelegate.swift in Sources */ = {isa = PBXBuildFile; fileRef = D4519F5D1DAC4AA400FA274C /* AppDelegate.swift */; };
		D4519F631DAC4AA400FA274C /* Main.storyboard in Resources */ = {isa = PBXBuildFile; fileRef = D4519F611DAC4AA400FA274C /* Main.storyboard */; };
		D4519F651DAC4AA400FA274C /* Assets.xcassets in Resources */ = {isa = PBXBuildFile; fileRef = D4519F641DAC4AA400FA274C /* Assets.xcassets */; };
		D4519F681DAC4AA400FA274C /* LaunchScreen.storyboard in Resources */ = {isa = PBXBuildFile; fileRef = D4519F661DAC4AA400FA274C /* LaunchScreen.storyboard */; };
		D4519F731DAC4AA400FA274C /* Project_DragonflyTests.swift in Sources */ = {isa = PBXBuildFile; fileRef = D4519F721DAC4AA400FA274C /* Project_DragonflyTests.swift */; };
		D4519F7E1DAC4AA400FA274C /* Project_DragonflyUITests.swift in Sources */ = {isa = PBXBuildFile; fileRef = D4519F7D1DAC4AA400FA274C /* Project_DragonflyUITests.swift */; };
		D4519F8C1DAC4BB900FA274C /* InvestigationTableViewController.swift in Sources */ = {isa = PBXBuildFile; fileRef = D4519F8B1DAC4BB900FA274C /* InvestigationTableViewController.swift */; };
		D4519F8E1DAC4F7300FA274C /* InvestigationTableViewCell.swift in Sources */ = {isa = PBXBuildFile; fileRef = D4519F8D1DAC4F7300FA274C /* InvestigationTableViewCell.swift */; };
		D4519F901DAC57AE00FA274C /* InvestigationDetailViewController.swift in Sources */ = {isa = PBXBuildFile; fileRef = D4519F8F1DAC57AE00FA274C /* InvestigationDetailViewController.swift */; };
		D47BF2881DDA3EE40056D784 /* NewInvestigationVC.swift in Sources */ = {isa = PBXBuildFile; fileRef = D47BF2871DDA3EE40056D784 /* NewInvestigationVC.swift */; };
		D492FEDF1DD149810052DBB0 /* Investigation.swift in Sources */ = {isa = PBXBuildFile; fileRef = D492FEDC1DD149810052DBB0 /* Investigation.swift */; };
		D492FEE01DD149810052DBB0 /* Component.swift in Sources */ = {isa = PBXBuildFile; fileRef = D492FEDD1DD149810052DBB0 /* Component.swift */; };
		D492FEE21DD150600052DBB0 /* NewInvestigationViewController.swift in Sources */ = {isa = PBXBuildFile; fileRef = D492FEE11DD150600052DBB0 /* NewInvestigationViewController.swift */; };
		E0675B42C92D817F23DADA0A /* Pods_Project_DragonflyUITests.framework in Frameworks */ = {isa = PBXBuildFile; fileRef = 54BBE4D81DAE76F767A955C3 /* Pods_Project_DragonflyUITests.framework */; };
/* End PBXBuildFile section */

/* Begin PBXContainerItemProxy section */
		D4519F6F1DAC4AA400FA274C /* PBXContainerItemProxy */ = {
			isa = PBXContainerItemProxy;
			containerPortal = D4519F521DAC4AA400FA274C /* Project object */;
			proxyType = 1;
			remoteGlobalIDString = D4519F591DAC4AA400FA274C;
			remoteInfo = "Project Dragonfly";
		};
		D4519F7A1DAC4AA400FA274C /* PBXContainerItemProxy */ = {
			isa = PBXContainerItemProxy;
			containerPortal = D4519F521DAC4AA400FA274C /* Project object */;
			proxyType = 1;
			remoteGlobalIDString = D4519F591DAC4AA400FA274C;
			remoteInfo = "Project Dragonfly";
		};
/* End PBXContainerItemProxy section */

/* Begin PBXFileReference section */
		10321776282900C2050329BC /* Pods-Project Dragonfly.release.xcconfig */ = {isa = PBXFileReference; includeInIndex = 1; lastKnownFileType = text.xcconfig; name = "Pods-Project Dragonfly.release.xcconfig"; path = "Pods/Target Support Files/Pods-Project Dragonfly/Pods-Project Dragonfly.release.xcconfig"; sourceTree = "<group>"; };
		11A5AA8B2F0FB8976D3E8A41 /* Pods-Project DragonflyUITests.release.xcconfig */ = {isa = PBXFileReference; includeInIndex = 1; lastKnownFileType = text.xcconfig; name = "Pods-Project DragonflyUITests.release.xcconfig"; path = "Pods/Target Support Files/Pods-Project DragonflyUITests/Pods-Project DragonflyUITests.release.xcconfig"; sourceTree = "<group>"; };
		166D2009F772C23BE8921376 /* Pods-Project DragonflyUITests.debug.xcconfig */ = {isa = PBXFileReference; includeInIndex = 1; lastKnownFileType = text.xcconfig; name = "Pods-Project DragonflyUITests.debug.xcconfig"; path = "Pods/Target Support Files/Pods-Project DragonflyUITests/Pods-Project DragonflyUITests.debug.xcconfig"; sourceTree = "<group>"; };
		1BC47A440873997345F39A03 /* Pods-Project DragonflyTests.release.xcconfig */ = {isa = PBXFileReference; includeInIndex = 1; lastKnownFileType = text.xcconfig; name = "Pods-Project DragonflyTests.release.xcconfig"; path = "Pods/Target Support Files/Pods-Project DragonflyTests/Pods-Project DragonflyTests.release.xcconfig"; sourceTree = "<group>"; };
		54BBE4D81DAE76F767A955C3 /* Pods_Project_DragonflyUITests.framework */ = {isa = PBXFileReference; explicitFileType = wrapper.framework; includeInIndex = 0; path = Pods_Project_DragonflyUITests.framework; sourceTree = BUILT_PRODUCTS_DIR; };
		7E524F6D5B462EA427575A20 /* Pods-Project DragonflyTests.debug.xcconfig */ = {isa = PBXFileReference; includeInIndex = 1; lastKnownFileType = text.xcconfig; name = "Pods-Project DragonflyTests.debug.xcconfig"; path = "Pods/Target Support Files/Pods-Project DragonflyTests/Pods-Project DragonflyTests.debug.xcconfig"; sourceTree = "<group>"; };
		885AC6D85B666548DD9F9A8E /* Pods_Project_Dragonfly.framework */ = {isa = PBXFileReference; explicitFileType = wrapper.framework; includeInIndex = 0; path = Pods_Project_Dragonfly.framework; sourceTree = BUILT_PRODUCTS_DIR; };
		BB1D1D215A4B6B9DAE2F9C4F /* Pods-Project Dragonfly.debug.xcconfig */ = {isa = PBXFileReference; includeInIndex = 1; lastKnownFileType = text.xcconfig; name = "Pods-Project Dragonfly.debug.xcconfig"; path = "Pods/Target Support Files/Pods-Project Dragonfly/Pods-Project Dragonfly.debug.xcconfig"; sourceTree = "<group>"; };
		D4254B471DC7FDD700979B57 /* InvestigationViewController.swift */ = {isa = PBXFileReference; fileEncoding = 4; lastKnownFileType = sourcecode.swift; path = InvestigationViewController.swift; sourceTree = "<group>"; };
		D4254B491DC809F100979B57 /* ComponentTableViewCell.swift */ = {isa = PBXFileReference; fileEncoding = 4; lastKnownFileType = sourcecode.swift; path = ComponentTableViewCell.swift; sourceTree = "<group>"; };
		D4519F5A1DAC4AA400FA274C /* Project Dragonfly.app */ = {isa = PBXFileReference; explicitFileType = wrapper.application; includeInIndex = 0; path = "Project Dragonfly.app"; sourceTree = BUILT_PRODUCTS_DIR; };
		D4519F5D1DAC4AA400FA274C /* AppDelegate.swift */ = {isa = PBXFileReference; lastKnownFileType = sourcecode.swift; path = AppDelegate.swift; sourceTree = "<group>"; };
		D4519F621DAC4AA400FA274C /* Base */ = {isa = PBXFileReference; lastKnownFileType = file.storyboard; name = Base; path = Base.lproj/Main.storyboard; sourceTree = "<group>"; };
		D4519F641DAC4AA400FA274C /* Assets.xcassets */ = {isa = PBXFileReference; lastKnownFileType = folder.assetcatalog; path = Assets.xcassets; sourceTree = "<group>"; };
		D4519F671DAC4AA400FA274C /* Base */ = {isa = PBXFileReference; lastKnownFileType = file.storyboard; name = Base; path = Base.lproj/LaunchScreen.storyboard; sourceTree = "<group>"; };
		D4519F691DAC4AA400FA274C /* Info.plist */ = {isa = PBXFileReference; lastKnownFileType = text.plist.xml; path = Info.plist; sourceTree = "<group>"; };
		D4519F6E1DAC4AA400FA274C /* Project DragonflyTests.xctest */ = {isa = PBXFileReference; explicitFileType = wrapper.cfbundle; includeInIndex = 0; path = "Project DragonflyTests.xctest"; sourceTree = BUILT_PRODUCTS_DIR; };
		D4519F721DAC4AA400FA274C /* Project_DragonflyTests.swift */ = {isa = PBXFileReference; lastKnownFileType = sourcecode.swift; path = Project_DragonflyTests.swift; sourceTree = "<group>"; };
		D4519F741DAC4AA400FA274C /* Info.plist */ = {isa = PBXFileReference; lastKnownFileType = text.plist.xml; path = Info.plist; sourceTree = "<group>"; };
		D4519F791DAC4AA400FA274C /* Project DragonflyUITests.xctest */ = {isa = PBXFileReference; explicitFileType = wrapper.cfbundle; includeInIndex = 0; path = "Project DragonflyUITests.xctest"; sourceTree = BUILT_PRODUCTS_DIR; };
		D4519F7D1DAC4AA400FA274C /* Project_DragonflyUITests.swift */ = {isa = PBXFileReference; lastKnownFileType = sourcecode.swift; path = Project_DragonflyUITests.swift; sourceTree = "<group>"; };
		D4519F7F1DAC4AA400FA274C /* Info.plist */ = {isa = PBXFileReference; lastKnownFileType = text.plist.xml; path = Info.plist; sourceTree = "<group>"; };
		D4519F8B1DAC4BB900FA274C /* InvestigationTableViewController.swift */ = {isa = PBXFileReference; fileEncoding = 4; lastKnownFileType = sourcecode.swift; path = InvestigationTableViewController.swift; sourceTree = "<group>"; };
		D4519F8D1DAC4F7300FA274C /* InvestigationTableViewCell.swift */ = {isa = PBXFileReference; fileEncoding = 4; lastKnownFileType = sourcecode.swift; name = InvestigationTableViewCell.swift; path = ../InvestigationTableViewCell.swift; sourceTree = "<group>"; };
		D4519F8F1DAC57AE00FA274C /* InvestigationDetailViewController.swift */ = {isa = PBXFileReference; fileEncoding = 4; lastKnownFileType = sourcecode.swift; path = InvestigationDetailViewController.swift; sourceTree = "<group>"; };
		D47BF2871DDA3EE40056D784 /* NewInvestigationVC.swift */ = {isa = PBXFileReference; fileEncoding = 4; lastKnownFileType = sourcecode.swift; path = NewInvestigationVC.swift; sourceTree = "<group>"; };
		D492FEDC1DD149810052DBB0 /* Investigation.swift */ = {isa = PBXFileReference; fileEncoding = 4; lastKnownFileType = sourcecode.swift; path = Investigation.swift; sourceTree = "<group>"; };
		D492FEDD1DD149810052DBB0 /* Component.swift */ = {isa = PBXFileReference; fileEncoding = 4; lastKnownFileType = sourcecode.swift; path = Component.swift; sourceTree = "<group>"; };
		D492FEE11DD150600052DBB0 /* NewInvestigationViewController.swift */ = {isa = PBXFileReference; fileEncoding = 4; lastKnownFileType = sourcecode.swift; path = NewInvestigationViewController.swift; sourceTree = "<group>"; };
		D4EE474D868CFED750DA21EE /* Pods_Project_DragonflyTests.framework */ = {isa = PBXFileReference; explicitFileType = wrapper.framework; includeInIndex = 0; path = Pods_Project_DragonflyTests.framework; sourceTree = BUILT_PRODUCTS_DIR; };
/* End PBXFileReference section */

/* Begin PBXFrameworksBuildPhase section */
		D4519F571DAC4AA400FA274C /* Frameworks */ = {
			isa = PBXFrameworksBuildPhase;
			buildActionMask = 2147483647;
			files = (
				24FE4FF80F49FA9CB76CAF2A /* Pods_Project_Dragonfly.framework in Frameworks */,
			);
			runOnlyForDeploymentPostprocessing = 0;
		};
		D4519F6B1DAC4AA400FA274C /* Frameworks */ = {
			isa = PBXFrameworksBuildPhase;
			buildActionMask = 2147483647;
			files = (
				B2C8BF8AA3A42A6E14604AB9 /* Pods_Project_DragonflyTests.framework in Frameworks */,
			);
			runOnlyForDeploymentPostprocessing = 0;
		};
		D4519F761DAC4AA400FA274C /* Frameworks */ = {
			isa = PBXFrameworksBuildPhase;
			buildActionMask = 2147483647;
			files = (
				E0675B42C92D817F23DADA0A /* Pods_Project_DragonflyUITests.framework in Frameworks */,
			);
			runOnlyForDeploymentPostprocessing = 0;
		};
/* End PBXFrameworksBuildPhase section */

/* Begin PBXGroup section */
		4DC301862477C99460332ED1 /* Pods */ = {
			isa = PBXGroup;
			children = (
				BB1D1D215A4B6B9DAE2F9C4F /* Pods-Project Dragonfly.debug.xcconfig */,
				10321776282900C2050329BC /* Pods-Project Dragonfly.release.xcconfig */,
				7E524F6D5B462EA427575A20 /* Pods-Project DragonflyTests.debug.xcconfig */,
				1BC47A440873997345F39A03 /* Pods-Project DragonflyTests.release.xcconfig */,
				166D2009F772C23BE8921376 /* Pods-Project DragonflyUITests.debug.xcconfig */,
				11A5AA8B2F0FB8976D3E8A41 /* Pods-Project DragonflyUITests.release.xcconfig */,
			);
			name = Pods;
			sourceTree = "<group>";
		};
		6F6D0FF50FAD9565DAEDBB0B /* Frameworks */ = {
			isa = PBXGroup;
			children = (
				885AC6D85B666548DD9F9A8E /* Pods_Project_Dragonfly.framework */,
				D4EE474D868CFED750DA21EE /* Pods_Project_DragonflyTests.framework */,
				54BBE4D81DAE76F767A955C3 /* Pods_Project_DragonflyUITests.framework */,
			);
			name = Frameworks;
			sourceTree = "<group>";
		};
		D4519F511DAC4AA400FA274C = {
			isa = PBXGroup;
			children = (
				D4519F5C1DAC4AA400FA274C /* Project Dragonfly */,
				D4519F711DAC4AA400FA274C /* Project DragonflyTests */,
				D4519F7C1DAC4AA400FA274C /* Project DragonflyUITests */,
				D4519F5B1DAC4AA400FA274C /* Products */,
				4DC301862477C99460332ED1 /* Pods */,
				6F6D0FF50FAD9565DAEDBB0B /* Frameworks */,
			);
			sourceTree = "<group>";
		};
		D4519F5B1DAC4AA400FA274C /* Products */ = {
			isa = PBXGroup;
			children = (
				D4519F5A1DAC4AA400FA274C /* Project Dragonfly.app */,
				D4519F6E1DAC4AA400FA274C /* Project DragonflyTests.xctest */,
				D4519F791DAC4AA400FA274C /* Project DragonflyUITests.xctest */,
			);
			name = Products;
			sourceTree = "<group>";
		};
		D4519F5C1DAC4AA400FA274C /* Project Dragonfly */ = {
			isa = PBXGroup;
			children = (
				D492FEDA1DD1496C0052DBB0 /* Models */,
				D492FEE11DD150600052DBB0 /* NewInvestigationViewController.swift */,
				D47BF2871DDA3EE40056D784 /* NewInvestigationVC.swift */,
				D4519F8D1DAC4F7300FA274C /* InvestigationTableViewCell.swift */,
				D4519F5D1DAC4AA400FA274C /* AppDelegate.swift */,
				D4519F611DAC4AA400FA274C /* Main.storyboard */,
				D4254B471DC7FDD700979B57 /* InvestigationViewController.swift */,
				D4254B491DC809F100979B57 /* ComponentTableViewCell.swift */,
				D4519F8F1DAC57AE00FA274C /* InvestigationDetailViewController.swift */,
				D4519F8B1DAC4BB900FA274C /* InvestigationTableViewController.swift */,
				D4519F641DAC4AA400FA274C /* Assets.xcassets */,
				D4519F661DAC4AA400FA274C /* LaunchScreen.storyboard */,
				D4519F691DAC4AA400FA274C /* Info.plist */,
			);
			path = "Project Dragonfly";
			sourceTree = "<group>";
		};
		D4519F711DAC4AA400FA274C /* Project DragonflyTests */ = {
			isa = PBXGroup;
			children = (
				D4519F721DAC4AA400FA274C /* Project_DragonflyTests.swift */,
				D4519F741DAC4AA400FA274C /* Info.plist */,
			);
			path = "Project DragonflyTests";
			sourceTree = "<group>";
		};
		D4519F7C1DAC4AA400FA274C /* Project DragonflyUITests */ = {
			isa = PBXGroup;
			children = (
				D4519F7D1DAC4AA400FA274C /* Project_DragonflyUITests.swift */,
				D4519F7F1DAC4AA400FA274C /* Info.plist */,
			);
			path = "Project DragonflyUITests";
			sourceTree = "<group>";
		};
		D492FEDA1DD1496C0052DBB0 /* Models */ = {
			isa = PBXGroup;
			children = (
				D492FEDC1DD149810052DBB0 /* Investigation.swift */,
				D492FEDD1DD149810052DBB0 /* Component.swift */,
			);
			name = Models;
			path = ..;
			sourceTree = "<group>";
		};
/* End PBXGroup section */

/* Begin PBXNativeTarget section */
		D4519F591DAC4AA400FA274C /* Project Dragonfly */ = {
			isa = PBXNativeTarget;
			buildConfigurationList = D4519F821DAC4AA400FA274C /* Build configuration list for PBXNativeTarget "Project Dragonfly" */;
			buildPhases = (
				C00646B27E0DD80EF07E97E6 /* [CP] Check Pods Manifest.lock */,
				D4519F561DAC4AA400FA274C /* Sources */,
				D4519F571DAC4AA400FA274C /* Frameworks */,
				D4519F581DAC4AA400FA274C /* Resources */,
				13DCAA50AC13C221C4DC30B3 /* [CP] Embed Pods Frameworks */,
				0B38EB339B838D286B2278DA /* [CP] Copy Pods Resources */,
			);
			buildRules = (
			);
			dependencies = (
			);
			name = "Project Dragonfly";
			productName = "Project Dragonfly";
			productReference = D4519F5A1DAC4AA400FA274C /* Project Dragonfly.app */;
			productType = "com.apple.product-type.application";
		};
		D4519F6D1DAC4AA400FA274C /* Project DragonflyTests */ = {
			isa = PBXNativeTarget;
			buildConfigurationList = D4519F851DAC4AA400FA274C /* Build configuration list for PBXNativeTarget "Project DragonflyTests" */;
			buildPhases = (
				31093828F353336782D4BA3F /* [CP] Check Pods Manifest.lock */,
				D4519F6A1DAC4AA400FA274C /* Sources */,
				D4519F6B1DAC4AA400FA274C /* Frameworks */,
				D4519F6C1DAC4AA400FA274C /* Resources */,
				D7E0A114A888ABACFDF94A98 /* [CP] Embed Pods Frameworks */,
				96C76686C67E9327513BAA20 /* [CP] Copy Pods Resources */,
			);
			buildRules = (
			);
			dependencies = (
				D4519F701DAC4AA400FA274C /* PBXTargetDependency */,
			);
			name = "Project DragonflyTests";
			productName = "Project DragonflyTests";
			productReference = D4519F6E1DAC4AA400FA274C /* Project DragonflyTests.xctest */;
			productType = "com.apple.product-type.bundle.unit-test";
		};
		D4519F781DAC4AA400FA274C /* Project DragonflyUITests */ = {
			isa = PBXNativeTarget;
			buildConfigurationList = D4519F881DAC4AA400FA274C /* Build configuration list for PBXNativeTarget "Project DragonflyUITests" */;
			buildPhases = (
				23F7AFA5044BBF93930284F9 /* [CP] Check Pods Manifest.lock */,
				D4519F751DAC4AA400FA274C /* Sources */,
				D4519F761DAC4AA400FA274C /* Frameworks */,
				D4519F771DAC4AA400FA274C /* Resources */,
				F3318210C4D40C710ED29A77 /* [CP] Embed Pods Frameworks */,
				6BC0C8E24522EE2573033C62 /* [CP] Copy Pods Resources */,
			);
			buildRules = (
			);
			dependencies = (
				D4519F7B1DAC4AA400FA274C /* PBXTargetDependency */,
			);
			name = "Project DragonflyUITests";
			productName = "Project DragonflyUITests";
			productReference = D4519F791DAC4AA400FA274C /* Project DragonflyUITests.xctest */;
			productType = "com.apple.product-type.bundle.ui-testing";
		};
/* End PBXNativeTarget section */

/* Begin PBXProject section */
		D4519F521DAC4AA400FA274C /* Project object */ = {
			isa = PBXProject;
			attributes = {
				LastSwiftUpdateCheck = 0730;
				LastUpgradeCheck = 0810;
				ORGANIZATIONNAME = cse.miamioh;
				TargetAttributes = {
					D4519F591DAC4AA400FA274C = {
						CreatedOnToolsVersion = 7.3.1;
						DevelopmentTeam = DR72V7UDA7;
						LastSwiftMigration = 0800;
					};
					D4519F6D1DAC4AA400FA274C = {
						CreatedOnToolsVersion = 7.3.1;
						LastSwiftMigration = 0800;
						TestTargetID = D4519F591DAC4AA400FA274C;
					};
					D4519F781DAC4AA400FA274C = {
						CreatedOnToolsVersion = 7.3.1;
						LastSwiftMigration = 0800;
						TestTargetID = D4519F591DAC4AA400FA274C;
					};
				};
			};
			buildConfigurationList = D4519F551DAC4AA400FA274C /* Build configuration list for PBXProject "Project Dragonfly" */;
			compatibilityVersion = "Xcode 3.2";
			developmentRegion = English;
			hasScannedForEncodings = 0;
			knownRegions = (
				en,
				Base,
			);
			mainGroup = D4519F511DAC4AA400FA274C;
			productRefGroup = D4519F5B1DAC4AA400FA274C /* Products */;
			projectDirPath = "";
			projectRoot = "";
			targets = (
				D4519F591DAC4AA400FA274C /* Project Dragonfly */,
				D4519F6D1DAC4AA400FA274C /* Project DragonflyTests */,
				D4519F781DAC4AA400FA274C /* Project DragonflyUITests */,
			);
		};
/* End PBXProject section */

/* Begin PBXResourcesBuildPhase section */
		D4519F581DAC4AA400FA274C /* Resources */ = {
			isa = PBXResourcesBuildPhase;
			buildActionMask = 2147483647;
			files = (
				D4519F681DAC4AA400FA274C /* LaunchScreen.storyboard in Resources */,
				D4519F651DAC4AA400FA274C /* Assets.xcassets in Resources */,
				D4519F631DAC4AA400FA274C /* Main.storyboard in Resources */,
			);
			runOnlyForDeploymentPostprocessing = 0;
		};
		D4519F6C1DAC4AA400FA274C /* Resources */ = {
			isa = PBXResourcesBuildPhase;
			buildActionMask = 2147483647;
			files = (
			);
			runOnlyForDeploymentPostprocessing = 0;
		};
		D4519F771DAC4AA400FA274C /* Resources */ = {
			isa = PBXResourcesBuildPhase;
			buildActionMask = 2147483647;
			files = (
			);
			runOnlyForDeploymentPostprocessing = 0;
		};
/* End PBXResourcesBuildPhase section */

/* Begin PBXShellScriptBuildPhase section */
		0B38EB339B838D286B2278DA /* [CP] Copy Pods Resources */ = {
			isa = PBXShellScriptBuildPhase;
			buildActionMask = 2147483647;
			files = (
			);
			inputPaths = (
			);
			name = "[CP] Copy Pods Resources";
			outputPaths = (
			);
			runOnlyForDeploymentPostprocessing = 0;
			shellPath = /bin/sh;
			shellScript = "\"${SRCROOT}/Pods/Target Support Files/Pods-Project Dragonfly/Pods-Project Dragonfly-resources.sh\"\n";
			showEnvVarsInLog = 0;
		};
		13DCAA50AC13C221C4DC30B3 /* [CP] Embed Pods Frameworks */ = {
			isa = PBXShellScriptBuildPhase;
			buildActionMask = 2147483647;
			files = (
			);
			inputPaths = (
			);
			name = "[CP] Embed Pods Frameworks";
			outputPaths = (
			);
			runOnlyForDeploymentPostprocessing = 0;
			shellPath = /bin/sh;
			shellScript = "\"${SRCROOT}/Pods/Target Support Files/Pods-Project Dragonfly/Pods-Project Dragonfly-frameworks.sh\"\n";
			showEnvVarsInLog = 0;
		};
		23F7AFA5044BBF93930284F9 /* [CP] Check Pods Manifest.lock */ = {
			isa = PBXShellScriptBuildPhase;
			buildActionMask = 2147483647;
			files = (
			);
			inputPaths = (
			);
			name = "[CP] Check Pods Manifest.lock";
			outputPaths = (
			);
			runOnlyForDeploymentPostprocessing = 0;
			shellPath = /bin/sh;
			shellScript = "diff \"${PODS_ROOT}/../Podfile.lock\" \"${PODS_ROOT}/Manifest.lock\" > /dev/null\nif [ $? != 0 ] ; then\n    # print error to STDERR\n    echo \"error: The sandbox is not in sync with the Podfile.lock. Run 'pod install' or update your CocoaPods installation.\" >&2\n    exit 1\nfi\n";
			showEnvVarsInLog = 0;
		};
		31093828F353336782D4BA3F /* [CP] Check Pods Manifest.lock */ = {
			isa = PBXShellScriptBuildPhase;
			buildActionMask = 2147483647;
			files = (
			);
			inputPaths = (
			);
			name = "[CP] Check Pods Manifest.lock";
			outputPaths = (
			);
			runOnlyForDeploymentPostprocessing = 0;
			shellPath = /bin/sh;
			shellScript = "diff \"${PODS_ROOT}/../Podfile.lock\" \"${PODS_ROOT}/Manifest.lock\" > /dev/null\nif [ $? != 0 ] ; then\n    # print error to STDERR\n    echo \"error: The sandbox is not in sync with the Podfile.lock. Run 'pod install' or update your CocoaPods installation.\" >&2\n    exit 1\nfi\n";
			showEnvVarsInLog = 0;
		};
		6BC0C8E24522EE2573033C62 /* [CP] Copy Pods Resources */ = {
			isa = PBXShellScriptBuildPhase;
			buildActionMask = 2147483647;
			files = (
			);
			inputPaths = (
			);
			name = "[CP] Copy Pods Resources";
			outputPaths = (
			);
			runOnlyForDeploymentPostprocessing = 0;
			shellPath = /bin/sh;
			shellScript = "\"${SRCROOT}/Pods/Target Support Files/Pods-Project DragonflyUITests/Pods-Project DragonflyUITests-resources.sh\"\n";
			showEnvVarsInLog = 0;
		};
		96C76686C67E9327513BAA20 /* [CP] Copy Pods Resources */ = {
			isa = PBXShellScriptBuildPhase;
			buildActionMask = 2147483647;
			files = (
			);
			inputPaths = (
			);
			name = "[CP] Copy Pods Resources";
			outputPaths = (
			);
			runOnlyForDeploymentPostprocessing = 0;
			shellPath = /bin/sh;
			shellScript = "\"${SRCROOT}/Pods/Target Support Files/Pods-Project DragonflyTests/Pods-Project DragonflyTests-resources.sh\"\n";
			showEnvVarsInLog = 0;
		};
		C00646B27E0DD80EF07E97E6 /* [CP] Check Pods Manifest.lock */ = {
			isa = PBXShellScriptBuildPhase;
			buildActionMask = 2147483647;
			files = (
			);
			inputPaths = (
			);
			name = "[CP] Check Pods Manifest.lock";
			outputPaths = (
			);
			runOnlyForDeploymentPostprocessing = 0;
			shellPath = /bin/sh;
			shellScript = "diff \"${PODS_ROOT}/../Podfile.lock\" \"${PODS_ROOT}/Manifest.lock\" > /dev/null\nif [ $? != 0 ] ; then\n    # print error to STDERR\n    echo \"error: The sandbox is not in sync with the Podfile.lock. Run 'pod install' or update your CocoaPods installation.\" >&2\n    exit 1\nfi\n";
			showEnvVarsInLog = 0;
		};
		D7E0A114A888ABACFDF94A98 /* [CP] Embed Pods Frameworks */ = {
			isa = PBXShellScriptBuildPhase;
			buildActionMask = 2147483647;
			files = (
			);
			inputPaths = (
			);
			name = "[CP] Embed Pods Frameworks";
			outputPaths = (
			);
			runOnlyForDeploymentPostprocessing = 0;
			shellPath = /bin/sh;
			shellScript = "\"${SRCROOT}/Pods/Target Support Files/Pods-Project DragonflyTests/Pods-Project DragonflyTests-frameworks.sh\"\n";
			showEnvVarsInLog = 0;
		};
		F3318210C4D40C710ED29A77 /* [CP] Embed Pods Frameworks */ = {
			isa = PBXShellScriptBuildPhase;
			buildActionMask = 2147483647;
			files = (
			);
			inputPaths = (
			);
			name = "[CP] Embed Pods Frameworks";
			outputPaths = (
			);
			runOnlyForDeploymentPostprocessing = 0;
			shellPath = /bin/sh;
			shellScript = "\"${SRCROOT}/Pods/Target Support Files/Pods-Project DragonflyUITests/Pods-Project DragonflyUITests-frameworks.sh\"\n";
			showEnvVarsInLog = 0;
		};
/* End PBXShellScriptBuildPhase section */

/* Begin PBXSourcesBuildPhase section */
		D4519F561DAC4AA400FA274C /* Sources */ = {
			isa = PBXSourcesBuildPhase;
			buildActionMask = 2147483647;
			files = (
				D4519F8C1DAC4BB900FA274C /* InvestigationTableViewController.swift in Sources */,
				D492FEE21DD150600052DBB0 /* NewInvestigationViewController.swift in Sources */,
				D4519F8E1DAC4F7300FA274C /* InvestigationTableViewCell.swift in Sources */,
				D492FEE01DD149810052DBB0 /* Component.swift in Sources */,
				D492FEDF1DD149810052DBB0 /* Investigation.swift in Sources */,
				D47BF2881DDA3EE40056D784 /* NewInvestigationVC.swift in Sources */,
				D4519F901DAC57AE00FA274C /* InvestigationDetailViewController.swift in Sources */,
				D4254B4A1DC809F100979B57 /* ComponentTableViewCell.swift in Sources */,
				D4519F5E1DAC4AA400FA274C /* AppDelegate.swift in Sources */,
				D4254B481DC7FDD700979B57 /* InvestigationViewController.swift in Sources */,
			);
			runOnlyForDeploymentPostprocessing = 0;
		};
		D4519F6A1DAC4AA400FA274C /* Sources */ = {
			isa = PBXSourcesBuildPhase;
			buildActionMask = 2147483647;
			files = (
				D4519F731DAC4AA400FA274C /* Project_DragonflyTests.swift in Sources */,
			);
			runOnlyForDeploymentPostprocessing = 0;
		};
		D4519F751DAC4AA400FA274C /* Sources */ = {
			isa = PBXSourcesBuildPhase;
			buildActionMask = 2147483647;
			files = (
				D4519F7E1DAC4AA400FA274C /* Project_DragonflyUITests.swift in Sources */,
			);
			runOnlyForDeploymentPostprocessing = 0;
		};
/* End PBXSourcesBuildPhase section */

/* Begin PBXTargetDependency section */
		D4519F701DAC4AA400FA274C /* PBXTargetDependency */ = {
			isa = PBXTargetDependency;
			target = D4519F591DAC4AA400FA274C /* Project Dragonfly */;
			targetProxy = D4519F6F1DAC4AA400FA274C /* PBXContainerItemProxy */;
		};
		D4519F7B1DAC4AA400FA274C /* PBXTargetDependency */ = {
			isa = PBXTargetDependency;
			target = D4519F591DAC4AA400FA274C /* Project Dragonfly */;
			targetProxy = D4519F7A1DAC4AA400FA274C /* PBXContainerItemProxy */;
		};
/* End PBXTargetDependency section */

/* Begin PBXVariantGroup section */
		D4519F611DAC4AA400FA274C /* Main.storyboard */ = {
			isa = PBXVariantGroup;
			children = (
				D4519F621DAC4AA400FA274C /* Base */,
			);
			name = Main.storyboard;
			sourceTree = "<group>";
		};
		D4519F661DAC4AA400FA274C /* LaunchScreen.storyboard */ = {
			isa = PBXVariantGroup;
			children = (
				D4519F671DAC4AA400FA274C /* Base */,
			);
			name = LaunchScreen.storyboard;
			sourceTree = "<group>";
		};
/* End PBXVariantGroup section */

/* Begin XCBuildConfiguration section */
		D4519F801DAC4AA400FA274C /* Debug */ = {
			isa = XCBuildConfiguration;
			buildSettings = {
				ALWAYS_SEARCH_USER_PATHS = NO;
				CLANG_ANALYZER_NONNULL = YES;
				CLANG_CXX_LANGUAGE_STANDARD = "gnu++0x";
				CLANG_CXX_LIBRARY = "libc++";
				CLANG_ENABLE_MODULES = YES;
				CLANG_ENABLE_OBJC_ARC = YES;
				CLANG_WARN_BOOL_CONVERSION = YES;
				CLANG_WARN_CONSTANT_CONVERSION = YES;
				CLANG_WARN_DIRECT_OBJC_ISA_USAGE = YES_ERROR;
				CLANG_WARN_EMPTY_BODY = YES;
				CLANG_WARN_ENUM_CONVERSION = YES;
				CLANG_WARN_INFINITE_RECURSION = YES;
				CLANG_WARN_INT_CONVERSION = YES;
				CLANG_WARN_OBJC_ROOT_CLASS = YES_ERROR;
				CLANG_WARN_SUSPICIOUS_MOVE = YES;
				CLANG_WARN_UNREACHABLE_CODE = YES;
				CLANG_WARN__DUPLICATE_METHOD_MATCH = YES;
				"CODE_SIGN_IDENTITY[sdk=iphoneos*]" = "iPhone Developer";
				COPY_PHASE_STRIP = NO;
				DEBUG_INFORMATION_FORMAT = dwarf;
				ENABLE_STRICT_OBJC_MSGSEND = YES;
				ENABLE_TESTABILITY = YES;
				GCC_C_LANGUAGE_STANDARD = gnu99;
				GCC_DYNAMIC_NO_PIC = NO;
				GCC_NO_COMMON_BLOCKS = YES;
				GCC_OPTIMIZATION_LEVEL = 0;
				GCC_PREPROCESSOR_DEFINITIONS = (
					"DEBUG=1",
					"$(inherited)",
				);
				GCC_WARN_64_TO_32_BIT_CONVERSION = YES;
				GCC_WARN_ABOUT_RETURN_TYPE = YES_ERROR;
				GCC_WARN_UNDECLARED_SELECTOR = YES;
				GCC_WARN_UNINITIALIZED_AUTOS = YES_AGGRESSIVE;
				GCC_WARN_UNUSED_FUNCTION = YES;
				GCC_WARN_UNUSED_VARIABLE = YES;
				IPHONEOS_DEPLOYMENT_TARGET = 9.3;
				MTL_ENABLE_DEBUG_INFO = YES;
				ONLY_ACTIVE_ARCH = YES;
				SDKROOT = iphoneos;
				SWIFT_OPTIMIZATION_LEVEL = "-Onone";
			};
			name = Debug;
		};
		D4519F811DAC4AA400FA274C /* Release */ = {
			isa = XCBuildConfiguration;
			buildSettings = {
				ALWAYS_SEARCH_USER_PATHS = NO;
				CLANG_ANALYZER_NONNULL = YES;
				CLANG_CXX_LANGUAGE_STANDARD = "gnu++0x";
				CLANG_CXX_LIBRARY = "libc++";
				CLANG_ENABLE_MODULES = YES;
				CLANG_ENABLE_OBJC_ARC = YES;
				CLANG_WARN_BOOL_CONVERSION = YES;
				CLANG_WARN_CONSTANT_CONVERSION = YES;
				CLANG_WARN_DIRECT_OBJC_ISA_USAGE = YES_ERROR;
				CLANG_WARN_EMPTY_BODY = YES;
				CLANG_WARN_ENUM_CONVERSION = YES;
				CLANG_WARN_INFINITE_RECURSION = YES;
				CLANG_WARN_INT_CONVERSION = YES;
				CLANG_WARN_OBJC_ROOT_CLASS = YES_ERROR;
				CLANG_WARN_SUSPICIOUS_MOVE = YES;
				CLANG_WARN_UNREACHABLE_CODE = YES;
				CLANG_WARN__DUPLICATE_METHOD_MATCH = YES;
				"CODE_SIGN_IDENTITY[sdk=iphoneos*]" = "iPhone Developer";
				COPY_PHASE_STRIP = NO;
				DEBUG_INFORMATION_FORMAT = "dwarf-with-dsym";
				ENABLE_NS_ASSERTIONS = NO;
				ENABLE_STRICT_OBJC_MSGSEND = YES;
				GCC_C_LANGUAGE_STANDARD = gnu99;
				GCC_NO_COMMON_BLOCKS = YES;
				GCC_WARN_64_TO_32_BIT_CONVERSION = YES;
				GCC_WARN_ABOUT_RETURN_TYPE = YES_ERROR;
				GCC_WARN_UNDECLARED_SELECTOR = YES;
				GCC_WARN_UNINITIALIZED_AUTOS = YES_AGGRESSIVE;
				GCC_WARN_UNUSED_FUNCTION = YES;
				GCC_WARN_UNUSED_VARIABLE = YES;
				IPHONEOS_DEPLOYMENT_TARGET = 9.3;
				MTL_ENABLE_DEBUG_INFO = NO;
				SDKROOT = iphoneos;
				SWIFT_OPTIMIZATION_LEVEL = "-Owholemodule";
				VALIDATE_PRODUCT = YES;
			};
			name = Release;
		};
		D4519F831DAC4AA400FA274C /* Debug */ = {
			isa = XCBuildConfiguration;
			baseConfigurationReference = BB1D1D215A4B6B9DAE2F9C4F /* Pods-Project Dragonfly.debug.xcconfig */;
			buildSettings = {
				ALWAYS_EMBED_SWIFT_STANDARD_LIBRARIES = YES;
				ASSETCATALOG_COMPILER_APPICON_NAME = AppIcon;
				DEVELOPMENT_TEAM = DR72V7UDA7;
				INFOPLIST_FILE = "Project Dragonfly/Info.plist";
				LD_RUNPATH_SEARCH_PATHS = "$(inherited) @executable_path/Frameworks";
				PRODUCT_BUNDLE_IDENTIFIER = "cse.miamioh.Project-Dragonfly";
				PRODUCT_NAME = "$(TARGET_NAME)";
				SWIFT_VERSION = 3.0;
			};
			name = Debug;
		};
		D4519F841DAC4AA400FA274C /* Release */ = {
			isa = XCBuildConfiguration;
			baseConfigurationReference = 10321776282900C2050329BC /* Pods-Project Dragonfly.release.xcconfig */;
			buildSettings = {
				ALWAYS_EMBED_SWIFT_STANDARD_LIBRARIES = YES;
				ASSETCATALOG_COMPILER_APPICON_NAME = AppIcon;
				DEVELOPMENT_TEAM = DR72V7UDA7;
				INFOPLIST_FILE = "Project Dragonfly/Info.plist";
				LD_RUNPATH_SEARCH_PATHS = "$(inherited) @executable_path/Frameworks";
				PRODUCT_BUNDLE_IDENTIFIER = "cse.miamioh.Project-Dragonfly";
				PRODUCT_NAME = "$(TARGET_NAME)";
				SWIFT_VERSION = 3.0;
			};
			name = Release;
		};
		D4519F861DAC4AA400FA274C /* Debug */ = {
			isa = XCBuildConfiguration;
			baseConfigurationReference = 7E524F6D5B462EA427575A20 /* Pods-Project DragonflyTests.debug.xcconfig */;
			buildSettings = {
				BUNDLE_LOADER = "$(TEST_HOST)";
				INFOPLIST_FILE = "Project DragonflyTests/Info.plist";
				LD_RUNPATH_SEARCH_PATHS = "$(inherited) @executable_path/Frameworks @loader_path/Frameworks";
				PRODUCT_BUNDLE_IDENTIFIER = "cse.miamioh.Project-DragonflyTests";
				PRODUCT_NAME = "$(TARGET_NAME)";
				SWIFT_VERSION = 3.0;
				TEST_HOST = "$(BUILT_PRODUCTS_DIR)/Project Dragonfly.app/Project Dragonfly";
			};
			name = Debug;
		};
		D4519F871DAC4AA400FA274C /* Release */ = {
			isa = XCBuildConfiguration;
			baseConfigurationReference = 1BC47A440873997345F39A03 /* Pods-Project DragonflyTests.release.xcconfig */;
			buildSettings = {
				BUNDLE_LOADER = "$(TEST_HOST)";
				INFOPLIST_FILE = "Project DragonflyTests/Info.plist";
				LD_RUNPATH_SEARCH_PATHS = "$(inherited) @executable_path/Frameworks @loader_path/Frameworks";
				PRODUCT_BUNDLE_IDENTIFIER = "cse.miamioh.Project-DragonflyTests";
				PRODUCT_NAME = "$(TARGET_NAME)";
				SWIFT_VERSION = 3.0;
				TEST_HOST = "$(BUILT_PRODUCTS_DIR)/Project Dragonfly.app/Project Dragonfly";
			};
			name = Release;
		};
		D4519F891DAC4AA400FA274C /* Debug */ = {
			isa = XCBuildConfiguration;
			baseConfigurationReference = 166D2009F772C23BE8921376 /* Pods-Project DragonflyUITests.debug.xcconfig */;
			buildSettings = {
				INFOPLIST_FILE = "Project DragonflyUITests/Info.plist";
				LD_RUNPATH_SEARCH_PATHS = "$(inherited) @executable_path/Frameworks @loader_path/Frameworks";
				PRODUCT_BUNDLE_IDENTIFIER = "cse.miamioh.Project-DragonflyUITests";
				PRODUCT_NAME = "$(TARGET_NAME)";
				SWIFT_VERSION = 3.0;
				TEST_TARGET_NAME = "Project Dragonfly";
			};
			name = Debug;
		};
		D4519F8A1DAC4AA400FA274C /* Release */ = {
			isa = XCBuildConfiguration;
			baseConfigurationReference = 11A5AA8B2F0FB8976D3E8A41 /* Pods-Project DragonflyUITests.release.xcconfig */;
			buildSettings = {
				INFOPLIST_FILE = "Project DragonflyUITests/Info.plist";
				LD_RUNPATH_SEARCH_PATHS = "$(inherited) @executable_path/Frameworks @loader_path/Frameworks";
				PRODUCT_BUNDLE_IDENTIFIER = "cse.miamioh.Project-DragonflyUITests";
				PRODUCT_NAME = "$(TARGET_NAME)";
				SWIFT_VERSION = 3.0;
				TEST_TARGET_NAME = "Project Dragonfly";
			};
			name = Release;
		};
/* End XCBuildConfiguration section */

/* Begin XCConfigurationList section */
		D4519F551DAC4AA400FA274C /* Build configuration list for PBXProject "Project Dragonfly" */ = {
			isa = XCConfigurationList;
			buildConfigurations = (
				D4519F801DAC4AA400FA274C /* Debug */,
				D4519F811DAC4AA400FA274C /* Release */,
			);
			defaultConfigurationIsVisible = 0;
			defaultConfigurationName = Release;
		};
		D4519F821DAC4AA400FA274C /* Build configuration list for PBXNativeTarget "Project Dragonfly" */ = {
			isa = XCConfigurationList;
			buildConfigurations = (
				D4519F831DAC4AA400FA274C /* Debug */,
				D4519F841DAC4AA400FA274C /* Release */,
			);
			defaultConfigurationIsVisible = 0;
			defaultConfigurationName = Release;
		};
		D4519F851DAC4AA400FA274C /* Build configuration list for PBXNativeTarget "Project DragonflyTests" */ = {
			isa = XCConfigurationList;
			buildConfigurations = (
				D4519F861DAC4AA400FA274C /* Debug */,
				D4519F871DAC4AA400FA274C /* Release */,
			);
			defaultConfigurationIsVisible = 0;
			defaultConfigurationName = Release;
		};
		D4519F881DAC4AA400FA274C /* Build configuration list for PBXNativeTarget "Project DragonflyUITests" */ = {
			isa = XCConfigurationList;
			buildConfigurations = (
				D4519F891DAC4AA400FA274C /* Debug */,
				D4519F8A1DAC4AA400FA274C /* Release */,
			);
			defaultConfigurationIsVisible = 0;
			defaultConfigurationName = Release;
		};
/* End XCConfigurationList section */
	};
	rootObject = D4519F521DAC4AA400FA274C /* Project object */;
}
